
Microsoft Visual Studio Solution File, Format Version 12.00
# Visual Studio Version 17
VisualStudioVersion = 17.9.34622.214
MinimumVisualStudioVersion = 10.0.40219.1
Project("{9A19103F-16F7-4668-BE54-9A1E7A4F7556}") = "GastosAPI", "GastosAPI\GastosAPI.csproj", "{FF056345-1224-4D58-A1FD-49681A4D3838}"
EndProject
Project("{9A19103F-16F7-4668-BE54-9A1E7A4F7556}") = "CapaPresentacion", "CapaPresentacion\CapaPresentacion.csproj", "{DB9440E3-A53D-4E65-8BE3-2CBEC9AAD3BA}"
EndProject
Project("{FAE04EC0-301F-11D3-BF4B-00C04F79EFBC}") = "CapaDatos", "CapaDatos\CapaDatos.csproj", "{778B4EF0-075F-4B96-ADE7-D1795D84983B}"
EndProject
Global
	GlobalSection(SolutionConfigurationPlatforms) = preSolution
		Debug|Any CPU = Debug|Any CPU
		Release|Any CPU = Release|Any CPU
	EndGlobalSection
	GlobalSection(ProjectConfigurationPlatforms) = postSolution
		{FF056345-1224-4D58-A1FD-49681A4D3838}.Debug|Any CPU.ActiveCfg = Debug|Any CPU
		{FF056345-1224-4D58-A1FD-49681A4D3838}.Debug|Any CPU.Build.0 = Debug|Any CPU
		{FF056345-1224-4D58-A1FD-49681A4D3838}.Release|Any CPU.ActiveCfg = Release|Any CPU
		{FF056345-1224-4D58-A1FD-49681A4D3838}.Release|Any CPU.Build.0 = Release|Any CPU
		{DB9440E3-A53D-4E65-8BE3-2CBEC9AAD3BA}.Debug|Any CPU.ActiveCfg = Debug|Any CPU
		{DB9440E3-A53D-4E65-8BE3-2CBEC9AAD3BA}.Debug|Any CPU.Build.0 = Debug|Any CPU
		{DB9440E3-A53D-4E65-8BE3-2CBEC9AAD3BA}.Release|Any CPU.ActiveCfg = Release|Any CPU
		{DB9440E3-A53D-4E65-8BE3-2CBEC9AAD3BA}.Release|Any CPU.Build.0 = Release|Any CPU
		{778B4EF0-075F-4B96-ADE7-D1795D84983B}.Debug|Any CPU.ActiveCfg = Debug|Any CPU
		{778B4EF0-075F-4B96-ADE7-D1795D84983B}.Debug|Any CPU.Build.0 = Debug|Any CPU
		{778B4EF0-075F-4B96-ADE7-D1795D84983B}.Release|Any CPU.ActiveCfg = Release|Any CPU
		{778B4EF0-075F-4B96-ADE7-D1795D84983B}.Release|Any CPU.Build.0 = Release|Any CPU
	EndGlobalSection
	GlobalSection(SolutionProperties) = preSolution
		HideSolutionNode = FALSE
	EndGlobalSection
	GlobalSection(ExtensibilityGlobals) = postSolution
		SolutionGuid = {F28BACC3-2128-4D96-8489-ACF57838CC22}
	EndGlobalSection
EndGlobal
